
Microsoft Visual Studio Solution File, Format Version 12.00
# Visual Studio 15
VisualStudioVersion = 15.0.27428.2015
MinimumVisualStudioVersion = 10.0.40219.1
Project("{FAE04EC0-301F-11D3-BF4B-00C04F79EFBC}") = "MoviesAPI", "MoviesAPI\MoviesAPI.csproj", "{855F1E27-7045-4768-8A58-1ABA58DC384C}"
EndProject
Global
	GlobalSection(SolutionConfigurationPlatforms) = preSolution
		Debug|Any CPU = Debug|Any CPU
		Release|Any CPU = Release|Any CPU
	EndGlobalSection
	GlobalSection(ProjectConfigurationPlatforms) = postSolution
		{855F1E27-7045-4768-8A58-1ABA58DC384C}.Debug|Any CPU.ActiveCfg = Debug|Any CPU
		{855F1E27-7045-4768-8A58-1ABA58DC384C}.Debug|Any CPU.Build.0 = Debug|Any CPU
		{855F1E27-7045-4768-8A58-1ABA58DC384C}.Release|Any CPU.ActiveCfg = Release|Any CPU
		{855F1E27-7045-4768-8A58-1ABA58DC384C}.Release|Any CPU.Build.0 = Release|Any CPU
	EndGlobalSection
	GlobalSection(SolutionProperties) = preSolution
		HideSolutionNode = FALSE
	EndGlobalSection
	GlobalSection(ExtensibilityGlobals) = postSolution
		SolutionGuid = {E9FC5BBB-92B6-4B2A-9C7C-7952F1D19B39}
	EndGlobalSection
EndGlobal
